PODS:
  - connectivity_plus (0.0.1):
    - Flutter
  - Flutter (1.0.0)
  - path_provider_foundation (0.0.1):
    - Flutter
    - FlutterMacOS
  - shared_preferences_foundation (0.0.1):
    - Flutter
    - FlutterMacOS
  - ShortplayCrypto (1.0.0)
  - sqflite_darwin (0.0.4):
    - Flutter
    - FlutterMacOS
  - WeeouSign (1.0.0)

DEPENDENCIES:
  - connectivity_plus (from `.symlinks/plugins/connectivity_plus/ios`)
  - Flutter (from `Flutter`)
  - path_provider_foundation (from `.symlinks/plugins/path_provider_foundation/darwin`)
  - shared_preferences_foundation (from `.symlinks/plugins/shared_preferences_foundation/darwin`)
  - ShortplayCrypto (from `Frameworks`)
  - sqflite_darwin (from `.symlinks/plugins/sqflite_darwin/darwin`)
  - WeeouSign (from `Frameworks`)

EXTERNAL SOURCES:
  connectivity_plus:
    :path: ".symlinks/plugins/connectivity_plus/ios"
  Flutter:
    :path: Flutter
  path_provider_foundation:
    :path: ".symlinks/plugins/path_provider_foundation/darwin"
  shared_preferences_foundation:
    :path: ".symlinks/plugins/shared_preferences_foundation/darwin"
  ShortplayCrypto:
    :path: Frameworks
  sqflite_darwin:
    :path: ".symlinks/plugins/sqflite_darwin/darwin"
  WeeouSign:
    :path: Frameworks

SPEC CHECKSUMS:
  connectivity_plus: 2a701ffec2c0ae28a48cf7540e279787e77c447d
  Flutter: cabc95a1d2626b1b06e7179b784ebcf0c0cde467
  path_provider_foundation: 2b6b4c569c0fb62ec74538f866245ac84301af46
  shared_preferences_foundation: fcdcbc04712aee1108ac7fda236f363274528f78
  ShortplayCrypto: 4e58fa2e5e41a3d97595d20d245beb4c7dc893cf
  sqflite_darwin: 5a7236e3b501866c1c9befc6771dfd73ffb8702d
  WeeouSign: ec46ca0f38fad225adfa27e0188548d2fdd00c3c

PODFILE CHECKSUM: 1c7540f45c88b253d70ff1308ba0fe4fe2f659aa

COCOAPODS: 1.16.2
